
Microsoft Visual Studio Solution File, Format Version 12.00
# Visual Studio Version 17
VisualStudioVersion = 17.5.002.0
MinimumVisualStudioVersion = 10.0.40219.1
Project("{9A19103F-16F7-4668-BE54-9A1E7A4F7556}") = "NuovoDatabaseGruppo", "NuovoDatabaseGruppo.csproj", "{E60BC31F-4001-4B23-B07D-3183909478FD}"
EndProject
Global
	GlobalSection(SolutionConfigurationPlatforms) = preSolution
		Debug|Any CPU = Debug|Any CPU
		Release|Any CPU = Release|Any CPU
	EndGlobalSection
	GlobalSection(ProjectConfigurationPlatforms) = postSolution
		{E60BC31F-4001-4B23-B07D-3183909478FD}.Debug|Any CPU.ActiveCfg = Debug|Any CPU
		{E60BC31F-4001-4B23-B07D-3183909478FD}.Debug|Any CPU.Build.0 = Debug|Any CPU
		{E60BC31F-4001-4B23-B07D-3183909478FD}.Release|Any CPU.ActiveCfg = Release|Any CPU
		{E60BC31F-4001-4B23-B07D-3183909478FD}.Release|Any CPU.Build.0 = Release|Any CPU
	EndGlobalSection
	GlobalSection(SolutionProperties) = preSolution
		HideSolutionNode = FALSE
	EndGlobalSection
	GlobalSection(ExtensibilityGlobals) = postSolution
		SolutionGuid = {7C324227-F8EB-4138-BCE6-7BB37A170E61}
	EndGlobalSection
EndGlobal
